// !$*UTF8*$!
{
	archiveVersion = 1;
	classes = {
	};
	objectVersion = 50;
	objects = {

/* Begin PBXBuildFile section */
		EF80144E26773DEE00643087 /* Fruit.swift in Sources */ = {isa = PBXBuildFile; fileRef = EF80144D26773DEE00643087 /* Fruit.swift */; };
		EF80145526773E7B00643087 /* FruitData.swift in Sources */ = {isa = PBXBuildFile; fileRef = EF80145426773E7B00643087 /* FruitData.swift */; };
		EF80145B2677549000643087 /* FruitRowView.swift in Sources */ = {isa = PBXBuildFile; fileRef = EF80145A2677549000643087 /* FruitRowView.swift */; };
		EF80146126775D2900643087 /* FruitDetailsView.swift in Sources */ = {isa = PBXBuildFile; fileRef = EF80146026775D2900643087 /* FruitDetailsView.swift */; };
		EF80146526776F1300643087 /* FruitHeaderView.swift in Sources */ = {isa = PBXBuildFile; fileRef = EF80146426776F1300643087 /* FruitHeaderView.swift */; };
		EF8014692677787A00643087 /* SourceLinkView.swift in Sources */ = {isa = PBXBuildFile; fileRef = EF8014682677787A00643087 /* SourceLinkView.swift */; };
		EF80146D2677816F00643087 /* FruitNutritientsView.swift in Sources */ = {isa = PBXBuildFile; fileRef = EF80146C2677816F00643087 /* FruitNutritientsView.swift */; };
		EF8014712677B81600643087 /* SettingsView.swift in Sources */ = {isa = PBXBuildFile; fileRef = EF8014702677B81600643087 /* SettingsView.swift */; };
		EF8014752677BC0300643087 /* SettingsLabelView.swift in Sources */ = {isa = PBXBuildFile; fileRef = EF8014742677BC0300643087 /* SettingsLabelView.swift */; };
		EFA433F126763D8F00A7C886 /* FruitsAppApp.swift in Sources */ = {isa = PBXBuildFile; fileRef = EFA433DE26763D8E00A7C886 /* FruitsAppApp.swift */; };
		EFA433F226763D8F00A7C886 /* FruitsAppApp.swift in Sources */ = {isa = PBXBuildFile; fileRef = EFA433DE26763D8E00A7C886 /* FruitsAppApp.swift */; };
		EFA433F326763D8F00A7C886 /* ContentView.swift in Sources */ = {isa = PBXBuildFile; fileRef = EFA433DF26763D8E00A7C886 /* ContentView.swift */; };
		EFA433F426763D8F00A7C886 /* ContentView.swift in Sources */ = {isa = PBXBuildFile; fileRef = EFA433DF26763D8E00A7C886 /* ContentView.swift */; };
		EFA433F526763D8F00A7C886 /* Assets.xcassets in Resources */ = {isa = PBXBuildFile; fileRef = EFA433E026763D8F00A7C886 /* Assets.xcassets */; };
		EFA433F626763D8F00A7C886 /* Assets.xcassets in Resources */ = {isa = PBXBuildFile; fileRef = EFA433E026763D8F00A7C886 /* Assets.xcassets */; };
		EFA434062676463800A7C886 /* FruitCardView.swift in Sources */ = {isa = PBXBuildFile; fileRef = EFA434052676463800A7C886 /* FruitCardView.swift */; };
		EFA4340C2676509D00A7C886 /* StartButton.swift in Sources */ = {isa = PBXBuildFile; fileRef = EFA4340B2676509D00A7C886 /* StartButton.swift */; };
		EFA43410267739AB00A7C886 /* OnboardingView.swift in Sources */ = {isa = PBXBuildFile; fileRef = EFA4340F267739AB00A7C886 /* OnboardingView.swift */; };
/* End PBXBuildFile section */

/* Begin PBXFileReference section */
		EF80144D26773DEE00643087 /* Fruit.swift */ = {isa = PBXFileReference; lastKnownFileType = sourcecode.swift; path = Fruit.swift; sourceTree = "<group>"; };
		EF80145426773E7B00643087 /* FruitData.swift */ = {isa = PBXFileReference; lastKnownFileType = sourcecode.swift; path = FruitData.swift; sourceTree = "<group>"; };
		EF80145A2677549000643087 /* FruitRowView.swift */ = {isa = PBXFileReference; lastKnownFileType = sourcecode.swift; path = FruitRowView.swift; sourceTree = "<group>"; };
		EF80146026775D2900643087 /* FruitDetailsView.swift */ = {isa = PBXFileReference; lastKnownFileType = sourcecode.swift; path = FruitDetailsView.swift; sourceTree = "<group>"; };
		EF80146426776F1300643087 /* FruitHeaderView.swift */ = {isa = PBXFileReference; lastKnownFileType = sourcecode.swift; path = FruitHeaderView.swift; sourceTree = "<group>"; };
		EF8014682677787A00643087 /* SourceLinkView.swift */ = {isa = PBXFileReference; lastKnownFileType = sourcecode.swift; path = SourceLinkView.swift; sourceTree = "<group>"; };
		EF80146C2677816F00643087 /* FruitNutritientsView.swift */ = {isa = PBXFileReference; lastKnownFileType = sourcecode.swift; path = FruitNutritientsView.swift; sourceTree = "<group>"; };
		EF8014702677B81600643087 /* SettingsView.swift */ = {isa = PBXFileReference; lastKnownFileType = sourcecode.swift; path = SettingsView.swift; sourceTree = "<group>"; };
		EF8014742677BC0300643087 /* SettingsLabelView.swift */ = {isa = PBXFileReference; lastKnownFileType = sourcecode.swift; path = SettingsLabelView.swift; sourceTree = "<group>"; };
		EFA433DE26763D8E00A7C886 /* FruitsAppApp.swift */ = {isa = PBXFileReference; lastKnownFileType = sourcecode.swift; path = FruitsAppApp.swift; sourceTree = "<group>"; };
		EFA433DF26763D8E00A7C886 /* ContentView.swift */ = {isa = PBXFileReference; lastKnownFileType = sourcecode.swift; path = ContentView.swift; sourceTree = "<group>"; };
		EFA433E026763D8F00A7C886 /* Assets.xcassets */ = {isa = PBXFileReference; lastKnownFileType = folder.assetcatalog; path = Assets.xcassets; sourceTree = "<group>"; };
		EFA433E526763D8F00A7C886 /* FruitsApp.app */ = {isa = PBXFileReference; explicitFileType = wrapper.application; includeInIndex = 0; path = FruitsApp.app; sourceTree = BUILT_PRODUCTS_DIR; };
		EFA433E826763D8F00A7C886 /* Info.plist */ = {isa = PBXFileReference; lastKnownFileType = text.plist.xml; path = Info.plist; sourceTree = "<group>"; };
		EFA433ED26763D8F00A7C886 /* FruitsApp.app */ = {isa = PBXFileReference; explicitFileType = wrapper.application; includeInIndex = 0; path = FruitsApp.app; sourceTree = BUILT_PRODUCTS_DIR; };
		EFA433EF26763D8F00A7C886 /* Info.plist */ = {isa = PBXFileReference; lastKnownFileType = text.plist.xml; path = Info.plist; sourceTree = "<group>"; };
		EFA433F026763D8F00A7C886 /* macOS.entitlements */ = {isa = PBXFileReference; lastKnownFileType = text.plist.entitlements; path = macOS.entitlements; sourceTree = "<group>"; };
		EFA434052676463800A7C886 /* FruitCardView.swift */ = {isa = PBXFileReference; lastKnownFileType = sourcecode.swift; path = FruitCardView.swift; sourceTree = "<group>"; };
		EFA4340B2676509D00A7C886 /* StartButton.swift */ = {isa = PBXFileReference; lastKnownFileType = sourcecode.swift; path = StartButton.swift; sourceTree = "<group>"; };
		EFA4340F267739AB00A7C886 /* OnboardingView.swift */ = {isa = PBXFileReference; lastKnownFileType = sourcecode.swift; path = OnboardingView.swift; sourceTree = "<group>"; };
/* End PBXFileReference section */

/* Begin PBXFrameworksBuildPhase section */
		EFA433E226763D8F00A7C886 /* Frameworks */ = {
			isa = PBXFrameworksBuildPhase;
			buildActionMask = 2147483647;
			files = (
			);
			runOnlyForDeploymentPostprocessing = 0;
		};
		EFA433EA26763D8F00A7C886 /* Frameworks */ = {
			isa = PBXFrameworksBuildPhase;
			buildActionMask = 2147483647;
			files = (
			);
			runOnlyForDeploymentPostprocessing = 0;
		};
/* End PBXFrameworksBuildPhase section */

/* Begin PBXGroup section */
		EF80144C26773DC700643087 /* Model */ = {
			isa = PBXGroup;
			children = (
				EF80144D26773DEE00643087 /* Fruit.swift */,
			);
			path = Model;
			sourceTree = "<group>";
		};
		EF80145326773E6700643087 /* Data */ = {
			isa = PBXGroup;
			children = (
				EF80145426773E7B00643087 /* FruitData.swift */,
			);
			path = Data;
			sourceTree = "<group>";
		};
		EFA433D826763D8E00A7C886 = {
			isa = PBXGroup;
			children = (
				EFA433DD26763D8E00A7C886 /* FruitsApp */,
				EFA433E726763D8F00A7C886 /* iOS */,
				EFA433EE26763D8F00A7C886 /* macOS */,
				EFA433E626763D8F00A7C886 /* Products */,
			);
			sourceTree = "<group>";
		};
		EFA433DD26763D8E00A7C886 /* FruitsApp */ = {
			isa = PBXGroup;
			children = (
				EF80145326773E6700643087 /* Data */,
				EF80144C26773DC700643087 /* Model */,
				EFA434012676461800A7C886 /* View */,
				EFA434022676462400A7C886 /* App */,
				EFA433E026763D8F00A7C886 /* Assets.xcassets */,
			);
			path = FruitsApp;
			sourceTree = "<group>";
		};
		EFA433E626763D8F00A7C886 /* Products */ = {
			isa = PBXGroup;
			children = (
				EFA433E526763D8F00A7C886 /* FruitsApp.app */,
				EFA433ED26763D8F00A7C886 /* FruitsApp.app */,
			);
			name = Products;
			sourceTree = "<group>";
		};
		EFA433E726763D8F00A7C886 /* iOS */ = {
			isa = PBXGroup;
			children = (
				EFA433E826763D8F00A7C886 /* Info.plist */,
			);
			path = iOS;
			sourceTree = "<group>";
		};
		EFA433EE26763D8F00A7C886 /* macOS */ = {
			isa = PBXGroup;
			children = (
				EFA433EF26763D8F00A7C886 /* Info.plist */,
				EFA433F026763D8F00A7C886 /* macOS.entitlements */,
			);
			path = macOS;
			sourceTree = "<group>";
		};
		EFA434012676461800A7C886 /* View */ = {
			isa = PBXGroup;
			children = (
				EFA434052676463800A7C886 /* FruitCardView.swift */,
				EFA4340B2676509D00A7C886 /* StartButton.swift */,
				EFA4340F267739AB00A7C886 /* OnboardingView.swift */,
				EF80145A2677549000643087 /* FruitRowView.swift */,
				EF80146026775D2900643087 /* FruitDetailsView.swift */,
				EF80146426776F1300643087 /* FruitHeaderView.swift */,
				EF8014682677787A00643087 /* SourceLinkView.swift */,
				EF80146C2677816F00643087 /* FruitNutritientsView.swift */,
				EF8014702677B81600643087 /* SettingsView.swift */,
				EF8014742677BC0300643087 /* SettingsLabelView.swift */,
			);
			path = View;
			sourceTree = "<group>";
		};
		EFA434022676462400A7C886 /* App */ = {
			isa = PBXGroup;
			children = (
				EFA433DE26763D8E00A7C886 /* FruitsAppApp.swift */,
				EFA433DF26763D8E00A7C886 /* ContentView.swift */,
			);
			path = App;
			sourceTree = "<group>";
		};
/* End PBXGroup section */

/* Begin PBXNativeTarget section */
		EFA433E426763D8F00A7C886 /* FruitsApp (iOS) */ = {
			isa = PBXNativeTarget;
			buildConfigurationList = EFA433F926763D8F00A7C886 /* Build configuration list for PBXNativeTarget "FruitsApp (iOS)" */;
			buildPhases = (
				EFA433E126763D8F00A7C886 /* Sources */,
				EFA433E226763D8F00A7C886 /* Frameworks */,
				EFA433E326763D8F00A7C886 /* Resources */,
			);
			buildRules = (
			);
			dependencies = (
			);
			name = "FruitsApp (iOS)";
			productName = "FruitsApp (iOS)";
			productReference = EFA433E526763D8F00A7C886 /* FruitsApp.app */;
			productType = "com.apple.product-type.application";
		};
		EFA433EC26763D8F00A7C886 /* FruitsApp (macOS) */ = {
			isa = PBXNativeTarget;
			buildConfigurationList = EFA433FC26763D8F00A7C886 /* Build configuration list for PBXNativeTarget "FruitsApp (macOS)" */;
			buildPhases = (
				EFA433E926763D8F00A7C886 /* Sources */,
				EFA433EA26763D8F00A7C886 /* Frameworks */,
				EFA433EB26763D8F00A7C886 /* Resources */,
			);
			buildRules = (
			);
			dependencies = (
			);
			name = "FruitsApp (macOS)";
			productName = "FruitsApp (macOS)";
			productReference = EFA433ED26763D8F00A7C886 /* FruitsApp.app */;
			productType = "com.apple.product-type.application";
		};
/* End PBXNativeTarget section */

/* Begin PBXProject section */
		EFA433D926763D8E00A7C886 /* Project object */ = {
			isa = PBXProject;
			attributes = {
				LastSwiftUpdateCheck = 1240;
				LastUpgradeCheck = 1240;
				TargetAttributes = {
					EFA433E426763D8F00A7C886 = {
						CreatedOnToolsVersion = 12.4;
					};
					EFA433EC26763D8F00A7C886 = {
						CreatedOnToolsVersion = 12.4;
					};
				};
			};
			buildConfigurationList = EFA433DC26763D8E00A7C886 /* Build configuration list for PBXProject "FruitsApp" */;
			compatibilityVersion = "Xcode 9.3";
			developmentRegion = en;
			hasScannedForEncodings = 0;
			knownRegions = (
				en,
				Base,
			);
			mainGroup = EFA433D826763D8E00A7C886;
			productRefGroup = EFA433E626763D8F00A7C886 /* Products */;
			projectDirPath = "";
			projectRoot = "";
			targets = (
				EFA433E426763D8F00A7C886 /* FruitsApp (iOS) */,
				EFA433EC26763D8F00A7C886 /* FruitsApp (macOS) */,
			);
		};
/* End PBXProject section */

/* Begin PBXResourcesBuildPhase section */
		EFA433E326763D8F00A7C886 /* Resources */ = {
			isa = PBXResourcesBuildPhase;
			buildActionMask = 2147483647;
			files = (
				EFA433F526763D8F00A7C886 /* Assets.xcassets in Resources */,
			);
			runOnlyForDeploymentPostprocessing = 0;
		};
		EFA433EB26763D8F00A7C886 /* Resources */ = {
			isa = PBXResourcesBuildPhase;
			buildActionMask = 2147483647;
			files = (
				EFA433F626763D8F00A7C886 /* Assets.xcassets in Resources */,
			);
			runOnlyForDeploymentPostprocessing = 0;
		};
/* End PBXResourcesBuildPhase section */

/* Begin PBXSourcesBuildPhase section */
		EFA433E126763D8F00A7C886 /* Sources */ = {
			isa = PBXSourcesBuildPhase;
			buildActionMask = 2147483647;
			files = (
				EF80145526773E7B00643087 /* FruitData.swift in Sources */,
				EF8014692677787A00643087 /* SourceLinkView.swift in Sources */,
				EF80144E26773DEE00643087 /* Fruit.swift in Sources */,
				EFA433F326763D8F00A7C886 /* ContentView.swift in Sources */,
				EFA433F126763D8F00A7C886 /* FruitsAppApp.swift in Sources */,
				EF80146126775D2900643087 /* FruitDetailsView.swift in Sources */,
				EFA4340C2676509D00A7C886 /* StartButton.swift in Sources */,
				EF80146526776F1300643087 /* FruitHeaderView.swift in Sources */,
				EFA43410267739AB00A7C886 /* OnboardingView.swift in Sources */,
				EF80145B2677549000643087 /* FruitRowView.swift in Sources */,
				EF8014752677BC0300643087 /* SettingsLabelView.swift in Sources */,
				EFA434062676463800A7C886 /* FruitCardView.swift in Sources */,
				EF80146D2677816F00643087 /* FruitNutritientsView.swift in Sources */,
				EF8014712677B81600643087 /* SettingsView.swift in Sources */,
			);
			runOnlyForDeploymentPostprocessing = 0;
		};
		EFA433E926763D8F00A7C886 /* Sources */ = {
			isa = PBXSourcesBuildPhase;
			buildActionMask = 2147483647;
			files = (
				EFA433F426763D8F00A7C886 /* ContentView.swift in Sources */,
				EFA433F226763D8F00A7C886 /* FruitsAppApp.swift in Sources */,
			);
			runOnlyForDeploymentPostprocessing = 0;
		};
/* End PBXSourcesBuildPhase section */

/* Begin XCBuildConfiguration section */
		EFA433F726763D8F00A7C886 /* Debug */ = {
			isa = XCBuildConfiguration;
			buildSettings = {
				ALWAYS_SEARCH_USER_PATHS = NO;
				CLANG_ANALYZER_NONNULL = YES;
				CLANG_ANALYZER_NUMBER_OBJECT_CONVERSION = YES_AGGRESSIVE;
				CLANG_CXX_LANGUAGE_STANDARD = "gnu++14";
				CLANG_CXX_LIBRARY = "libc++";
				CLANG_ENABLE_MODULES = YES;
				CLANG_ENABLE_OBJC_ARC = YES;
				CLANG_ENABLE_OBJC_WEAK = YES;
				CLANG_WARN_BLOCK_CAPTURE_AUTORELEASING = YES;
				CLANG_WARN_BOOL_CONVERSION = YES;
				CLANG_WARN_COMMA = YES;
				CLANG_WARN_CONSTANT_CONVERSION = YES;
				CLANG_WARN_DEPRECATED_OBJC_IMPLEMENTATIONS = YES;
				CLANG_WARN_DIRECT_OBJC_ISA_USAGE = YES_ERROR;
				CLANG_WARN_DOCUMENTATION_COMMENTS = YES;
				CLANG_WARN_EMPTY_BODY = YES;
				CLANG_WARN_ENUM_CONVERSION = YES;
				CLANG_WARN_INFINITE_RECURSION = YES;
				CLANG_WARN_INT_CONVERSION = YES;
				CLANG_WARN_NON_LITERAL_NULL_CONVERSION = YES;
				CLANG_WARN_OBJC_IMPLICIT_RETAIN_SELF = YES;
				CLANG_WARN_OBJC_LITERAL_CONVERSION = YES;
				CLANG_WARN_OBJC_ROOT_CLASS = YES_ERROR;
				CLANG_WARN_QUOTED_INCLUDE_IN_FRAMEWORK_HEADER = YES;
				CLANG_WARN_RANGE_LOOP_ANALYSIS = YES;
				CLANG_WARN_STRICT_PROTOTYPES = YES;
				CLANG_WARN_SUSPICIOUS_MOVE = YES;
				CLANG_WARN_UNGUARDED_AVAILABILITY = YES_AGGRESSIVE;
				CLANG_WARN_UNREACHABLE_CODE = YES;
				CLANG_WARN__DUPLICATE_METHOD_MATCH = YES;
				COPY_PHASE_STRIP = NO;
				DEBUG_INFORMATION_FORMAT = dwarf;
				ENABLE_STRICT_OBJC_MSGSEND = YES;
				ENABLE_TESTABILITY = YES;
				GCC_C_LANGUAGE_STANDARD = gnu11;
				GCC_DYNAMIC_NO_PIC = NO;
				GCC_NO_COMMON_BLOCKS = YES;
				GCC_OPTIMIZATION_LEVEL = 0;
				GCC_PREPROCESSOR_DEFINITIONS = (
					"DEBUG=1",
					"$(inherited)",
				);
				GCC_WARN_64_TO_32_BIT_CONVERSION = YES;
				GCC_WARN_ABOUT_RETURN_TYPE = YES_ERROR;
				GCC_WARN_UNDECLARED_SELECTOR = YES;
				GCC_WARN_UNINITIALIZED_AUTOS = YES_AGGRESSIVE;
				GCC_WARN_UNUSED_FUNCTION = YES;
				GCC_WARN_UNUSED_VARIABLE = YES;
				MTL_ENABLE_DEBUG_INFO = INCLUDE_SOURCE;
				MTL_FAST_MATH = YES;
				ONLY_ACTIVE_ARCH = YES;
				SWIFT_ACTIVE_COMPILATION_CONDITIONS = DEBUG;
				SWIFT_OPTIMIZATION_LEVEL = "-Onone";
			};
			name = Debug;
		};
		EFA433F826763D8F00A7C886 /* Release */ = {
			isa = XCBuildConfiguration;
			buildSettings = {
				ALWAYS_SEARCH_USER_PATHS = NO;
				CLANG_ANALYZER_NONNULL = YES;
				CLANG_ANALYZER_NUMBER_OBJECT_CONVERSION = YES_AGGRESSIVE;
				CLANG_CXX_LANGUAGE_STANDARD = "gnu++14";
				CLANG_CXX_LIBRARY = "libc++";
				CLANG_ENABLE_MODULES = YES;
				CLANG_ENABLE_OBJC_ARC = YES;
				CLANG_ENABLE_OBJC_WEAK = YES;
				CLANG_WARN_BLOCK_CAPTURE_AUTORELEASING = YES;
				CLANG_WARN_BOOL_CONVERSION = YES;
				CLANG_WARN_COMMA = YES;
				CLANG_WARN_CONSTANT_CONVERSION = YES;
				CLANG_WARN_DEPRECATED_OBJC_IMPLEMENTATIONS = YES;
				CLANG_WARN_DIRECT_OBJC_ISA_USAGE = YES_ERROR;
				CLANG_WARN_DOCUMENTATION_COMMENTS = YES;
				CLANG_WARN_EMPTY_BODY = YES;
				CLANG_WARN_ENUM_CONVERSION = YES;
				CLANG_WARN_INFINITE_RECURSION = YES;
				CLANG_WARN_INT_CONVERSION = YES;
				CLANG_WARN_NON_LITERAL_NULL_CONVERSION = YES;
				CLANG_WARN_OBJC_IMPLICIT_RETAIN_SELF = YES;
				CLANG_WARN_OBJC_LITERAL_CONVERSION = YES;
				CLANG_WARN_OBJC_ROOT_CLASS = YES_ERROR;
				CLANG_WARN_QUOTED_INCLUDE_IN_FRAMEWORK_HEADER = YES;
				CLANG_WARN_RANGE_LOOP_ANALYSIS = YES;
				CLANG_WARN_STRICT_PROTOTYPES = YES;
				CLANG_WARN_SUSPICIOUS_MOVE = YES;
				CLANG_WARN_UNGUARDED_AVAILABILITY = YES_AGGRESSIVE;
				CLANG_WARN_UNREACHABLE_CODE = YES;
				CLANG_WARN__DUPLICATE_METHOD_MATCH = YES;
				COPY_PHASE_STRIP = NO;
				DEBUG_INFORMATION_FORMAT = "dwarf-with-dsym";
				ENABLE_NS_ASSERTIONS = NO;
				ENABLE_STRICT_OBJC_MSGSEND = YES;
				GCC_C_LANGUAGE_STANDARD = gnu11;
				GCC_NO_COMMON_BLOCKS = YES;
				GCC_WARN_64_TO_32_BIT_CONVERSION = YES;
				GCC_WARN_ABOUT_RETURN_TYPE = YES_ERROR;
				GCC_WARN_UNDECLARED_SELECTOR = YES;
				GCC_WARN_UNINITIALIZED_AUTOS = YES_AGGRESSIVE;
				GCC_WARN_UNUSED_FUNCTION = YES;
				GCC_WARN_UNUSED_VARIABLE = YES;
				MTL_ENABLE_DEBUG_INFO = NO;
				MTL_FAST_MATH = YES;
				SWIFT_COMPILATION_MODE = wholemodule;
				SWIFT_OPTIMIZATION_LEVEL = "-O";
			};
			name = Release;
		};
		EFA433FA26763D8F00A7C886 /* Debug */ = {
			isa = XCBuildConfiguration;
			buildSettings = {
				ASSETCATALOG_COMPILER_APPICON_NAME = AppIcon;
				ASSETCATALOG_COMPILER_GLOBAL_ACCENT_COLOR_NAME = AccentColor;
				CODE_SIGN_STYLE = Automatic;
				ENABLE_PREVIEWS = YES;
				INFOPLIST_FILE = iOS/Info.plist;
				IPHONEOS_DEPLOYMENT_TARGET = 14.0;
				LD_RUNPATH_SEARCH_PATHS = (
					"$(inherited)",
					"@executable_path/Frameworks",
				);
				PRODUCT_BUNDLE_IDENTIFIER = com.atos.fruitsapp.FruitsApp;
				PRODUCT_NAME = FruitsApp;
				SDKROOT = iphoneos;
				SWIFT_VERSION = 5.0;
				TARGETED_DEVICE_FAMILY = "1,2";
			};
			name = Debug;
		};
		EFA433FB26763D8F00A7C886 /* Release */ = {
			isa = XCBuildConfiguration;
			buildSettings = {
				ASSETCATALOG_COMPILER_APPICON_NAME = AppIcon;
				ASSETCATALOG_COMPILER_GLOBAL_ACCENT_COLOR_NAME = AccentColor;
				CODE_SIGN_STYLE = Automatic;
				ENABLE_PREVIEWS = YES;
				INFOPLIST_FILE = iOS/Info.plist;
				IPHONEOS_DEPLOYMENT_TARGET = 14.0;
				LD_RUNPATH_SEARCH_PATHS = (
					"$(inherited)",
					"@executable_path/Frameworks",
				);
				PRODUCT_BUNDLE_IDENTIFIER = com.atos.fruitsapp.FruitsApp;
				PRODUCT_NAME = FruitsApp;
				SDKROOT = iphoneos;
				SWIFT_VERSION = 5.0;
				TARGETED_DEVICE_FAMILY = "1,2";
				VALIDATE_PRODUCT = YES;
			};
			name = Release;
		};
		EFA433FD26763D8F00A7C886 /* Debug */ = {
			isa = XCBuildConfiguration;
			buildSettings = {
				ASSETCATALOG_COMPILER_APPICON_NAME = AppIcon;
				ASSETCATALOG_COMPILER_GLOBAL_ACCENT_COLOR_NAME = AccentColor;
				CODE_SIGN_ENTITLEMENTS = macOS/macOS.entitlements;
				CODE_SIGN_STYLE = Automatic;
				COMBINE_HIDPI_IMAGES = YES;
				ENABLE_PREVIEWS = YES;
				INFOPLIST_FILE = macOS/Info.plist;
				LD_RUNPATH_SEARCH_PATHS = (
					"$(inherited)",
					"@executable_path/../Frameworks",
				);
				MACOSX_DEPLOYMENT_TARGET = 11.0;
				PRODUCT_BUNDLE_IDENTIFIER = com.atos.fruitsapp.FruitsApp;
				PRODUCT_NAME = FruitsApp;
				SDKROOT = macosx;
				SWIFT_VERSION = 5.0;
			};
			name = Debug;
		};
		EFA433FE26763D8F00A7C886 /* Release */ = {
			isa = XCBuildConfiguration;
			buildSettings = {
				ASSETCATALOG_COMPILER_APPICON_NAME = AppIcon;
				ASSETCATALOG_COMPILER_GLOBAL_ACCENT_COLOR_NAME = AccentColor;
				CODE_SIGN_ENTITLEMENTS = macOS/macOS.entitlements;
				CODE_SIGN_STYLE = Automatic;
				COMBINE_HIDPI_IMAGES = YES;
				ENABLE_PREVIEWS = YES;
				INFOPLIST_FILE = macOS/Info.plist;
				LD_RUNPATH_SEARCH_PATHS = (
					"$(inherited)",
					"@executable_path/../Frameworks",
				);
				MACOSX_DEPLOYMENT_TARGET = 11.0;
				PRODUCT_BUNDLE_IDENTIFIER = com.atos.fruitsapp.FruitsApp;
				PRODUCT_NAME = FruitsApp;
				SDKROOT = macosx;
				SWIFT_VERSION = 5.0;
			};
			name = Release;
		};
/* End XCBuildConfiguration section */

/* Begin XCConfigurationList section */
		EFA433DC26763D8E00A7C886 /* Build configuration list for PBXProject "FruitsApp" */ = {
			isa = XCConfigurationList;
			buildConfigurations = (
				EFA433F726763D8F00A7C886 /* Debug */,
				EFA433F826763D8F00A7C886 /* Release */,
			);
			defaultConfigurationIsVisible = 0;
			defaultConfigurationName = Release;
		};
		EFA433F926763D8F00A7C886 /* Build configuration list for PBXNativeTarget "FruitsApp (iOS)" */ = {
			isa = XCConfigurationList;
			buildConfigurations = (
				EFA433FA26763D8F00A7C886 /* Debug */,
				EFA433FB26763D8F00A7C886 /* Release */,
			);
			defaultConfigurationIsVisible = 0;
			defaultConfigurationName = Release;
		};
		EFA433FC26763D8F00A7C886 /* Build configuration list for PBXNativeTarget "FruitsApp (macOS)" */ = {
			isa = XCConfigurationList;
			buildConfigurations = (
				EFA433FD26763D8F00A7C886 /* Debug */,
				EFA433FE26763D8F00A7C886 /* Release */,
			);
			defaultConfigurationIsVisible = 0;
			defaultConfigurationName = Release;
		};
/* End XCConfigurationList section */
	};
	rootObject = EFA433D926763D8E00A7C886 /* Project object */;
}
